
Microsoft Visual Studio Solution File, Format Version 12.00
# Visual Studio Version 16
VisualStudioVersion = 16.0.30114.105
MinimumVisualStudioVersion = 10.0.40219.1
Project("{FAE04EC0-301F-11D3-BF4B-00C04F79EFBC}") = "NutrInfo.Admin.Api", "NutrInfo.Admin.Api\NutrInfo.Admin.Api.csproj", "{09AE036E-5975-406F-A0E7-D446EE9B24DA}"
EndProject
Project("{FAE04EC0-301F-11D3-BF4B-00C04F79EFBC}") = "NutrInfo.Admin.Tests", "NutrInfo.Admin.Tests\NutrInfo.Admin.Tests.csproj", "{B6A1012D-39E5-40F3-A8FB-C730F974C944}"
EndProject
Global
	GlobalSection(SolutionConfigurationPlatforms) = preSolution
		Debug|Any CPU = Debug|Any CPU
		Release|Any CPU = Release|Any CPU
	EndGlobalSection
	GlobalSection(SolutionProperties) = preSolution
		HideSolutionNode = FALSE
	EndGlobalSection
	GlobalSection(ProjectConfigurationPlatforms) = postSolution
		{09AE036E-5975-406F-A0E7-D446EE9B24DA}.Debug|Any CPU.ActiveCfg = Debug|Any CPU
		{09AE036E-5975-406F-A0E7-D446EE9B24DA}.Debug|Any CPU.Build.0 = Debug|Any CPU
		{09AE036E-5975-406F-A0E7-D446EE9B24DA}.Release|Any CPU.ActiveCfg = Release|Any CPU
		{09AE036E-5975-406F-A0E7-D446EE9B24DA}.Release|Any CPU.Build.0 = Release|Any CPU
		{B6A1012D-39E5-40F3-A8FB-C730F974C944}.Debug|Any CPU.ActiveCfg = Debug|Any CPU
		{B6A1012D-39E5-40F3-A8FB-C730F974C944}.Debug|Any CPU.Build.0 = Debug|Any CPU
		{B6A1012D-39E5-40F3-A8FB-C730F974C944}.Release|Any CPU.ActiveCfg = Release|Any CPU
		{B6A1012D-39E5-40F3-A8FB-C730F974C944}.Release|Any CPU.Build.0 = Release|Any CPU
	EndGlobalSection
EndGlobal
