
Microsoft Visual Studio Solution File, Format Version 12.00
# Visual Studio Version 16
VisualStudioVersion = 16.0.30114.105
MinimumVisualStudioVersion = 10.0.40219.1
Project("{FAE04EC0-301F-11D3-BF4B-00C04F79EFBC}") = "NutrInfo.Admin.Api", "NutrInfo.Admin.Api\NutrInfo.Admin.Api.csproj", "{E97523A7-8FE1-47A2-A39D-82A922C3D047}"
EndProject
Project("{FAE04EC0-301F-11D3-BF4B-00C04F79EFBC}") = "NutrInfo.Admin.Tests", "NutrInfo.Admin.Tests\NutrInfo.Admin.Tests.csproj", "{A34B3659-6561-4045-809F-D81E53925452}"
EndProject
Project("{FAE04EC0-301F-11D3-BF4B-00C04F79EFBC}") = "Nutrinfo.Admin.Domain", "Nutrinfo.Admin.Domain\Nutrinfo.Admin.Domain.csproj", "{7E0467F8-9174-4302-808C-68830DC298D1}"
EndProject
Project("{FAE04EC0-301F-11D3-BF4B-00C04F79EFBC}") = "Nutrinfo.Admin.Infrastructure", "Nutrinfo.Admin.Infrastructure\Nutrinfo.Admin.Infrastructure.csproj", "{C0E477C5-750E-4F4E-B973-3B44C2E25AC0}"
EndProject
Project("{FAE04EC0-301F-11D3-BF4B-00C04F79EFBC}") = "NutrInfo.Admin.Application", "NutrInfo.Admin.Application\NutrInfo.Admin.Application.csproj", "{B3405567-FD47-4A3C-BF1B-81AD5C4D8490}"
EndProject
Project("{FAE04EC0-301F-11D3-BF4B-00C04F79EFBC}") = "NutrInfo.Admin.Contracts", "NutrInfo.Admin.Contracts\NutrInfo.Admin.Contracts.csproj", "{FEA6252F-B978-4FE3-A81F-297B7D210899}"
EndProject
Global
	GlobalSection(SolutionConfigurationPlatforms) = preSolution
		Debug|Any CPU = Debug|Any CPU
		Release|Any CPU = Release|Any CPU
	EndGlobalSection
	GlobalSection(SolutionProperties) = preSolution
		HideSolutionNode = FALSE
	EndGlobalSection
	GlobalSection(ProjectConfigurationPlatforms) = postSolution
		{E97523A7-8FE1-47A2-A39D-82A922C3D047}.Debug|Any CPU.ActiveCfg = Debug|Any CPU
		{E97523A7-8FE1-47A2-A39D-82A922C3D047}.Debug|Any CPU.Build.0 = Debug|Any CPU
		{E97523A7-8FE1-47A2-A39D-82A922C3D047}.Release|Any CPU.ActiveCfg = Release|Any CPU
		{E97523A7-8FE1-47A2-A39D-82A922C3D047}.Release|Any CPU.Build.0 = Release|Any CPU
		{A34B3659-6561-4045-809F-D81E53925452}.Debug|Any CPU.ActiveCfg = Debug|Any CPU
		{A34B3659-6561-4045-809F-D81E53925452}.Debug|Any CPU.Build.0 = Debug|Any CPU
		{A34B3659-6561-4045-809F-D81E53925452}.Release|Any CPU.ActiveCfg = Release|Any CPU
		{A34B3659-6561-4045-809F-D81E53925452}.Release|Any CPU.Build.0 = Release|Any CPU
		{7E0467F8-9174-4302-808C-68830DC298D1}.Debug|Any CPU.ActiveCfg = Debug|Any CPU
		{7E0467F8-9174-4302-808C-68830DC298D1}.Debug|Any CPU.Build.0 = Debug|Any CPU
		{7E0467F8-9174-4302-808C-68830DC298D1}.Release|Any CPU.ActiveCfg = Release|Any CPU
		{7E0467F8-9174-4302-808C-68830DC298D1}.Release|Any CPU.Build.0 = Release|Any CPU
		{C0E477C5-750E-4F4E-B973-3B44C2E25AC0}.Debug|Any CPU.ActiveCfg = Debug|Any CPU
		{C0E477C5-750E-4F4E-B973-3B44C2E25AC0}.Debug|Any CPU.Build.0 = Debug|Any CPU
		{C0E477C5-750E-4F4E-B973-3B44C2E25AC0}.Release|Any CPU.ActiveCfg = Release|Any CPU
		{C0E477C5-750E-4F4E-B973-3B44C2E25AC0}.Release|Any CPU.Build.0 = Release|Any CPU
		{B3405567-FD47-4A3C-BF1B-81AD5C4D8490}.Debug|Any CPU.ActiveCfg = Debug|Any CPU
		{B3405567-FD47-4A3C-BF1B-81AD5C4D8490}.Debug|Any CPU.Build.0 = Debug|Any CPU
		{B3405567-FD47-4A3C-BF1B-81AD5C4D8490}.Release|Any CPU.ActiveCfg = Release|Any CPU
		{B3405567-FD47-4A3C-BF1B-81AD5C4D8490}.Release|Any CPU.Build.0 = Release|Any CPU
		{FEA6252F-B978-4FE3-A81F-297B7D210899}.Debug|Any CPU.ActiveCfg = Debug|Any CPU
		{FEA6252F-B978-4FE3-A81F-297B7D210899}.Debug|Any CPU.Build.0 = Debug|Any CPU
		{FEA6252F-B978-4FE3-A81F-297B7D210899}.Release|Any CPU.ActiveCfg = Release|Any CPU
		{FEA6252F-B978-4FE3-A81F-297B7D210899}.Release|Any CPU.Build.0 = Release|Any CPU
	EndGlobalSection
EndGlobal
